
Microsoft Visual Studio Solution File, Format Version 12.00
# Visual Studio Version 16
VisualStudioVersion = 16.0.29306.81
MinimumVisualStudioVersion = 10.0.40219.1
Project("{8BC9CEB8-8B4A-11D0-8D11-00A0C91BC942}") = "Lab5", "Lab5\Lab5.vcxproj", "{2507D2AB-8B11-478D-8ABC-8EBC9C3BD732}"
EndProject
Project("{8BC9CEB8-8B4A-11D0-8D11-00A0C91BC942}") = "Lab5Test", "Lab5Test\Lab5Test.vcxproj", "{138050FE-0CD0-4570-BEAE-91222FF48009}"
EndProject
Global
	GlobalSection(SolutionConfigurationPlatforms) = preSolution
		Debug|x64 = Debug|x64
		Debug|x86 = Debug|x86
		Release|x64 = Release|x64
		Release|x86 = Release|x86
	EndGlobalSection
	GlobalSection(ProjectConfigurationPlatforms) = postSolution
		{2507D2AB-8B11-478D-8ABC-8EBC9C3BD732}.Debug|x64.ActiveCfg = Debug|x64
		{2507D2AB-8B11-478D-8ABC-8EBC9C3BD732}.Debug|x64.Build.0 = Debug|x64
		{2507D2AB-8B11-478D-8ABC-8EBC9C3BD732}.Debug|x86.ActiveCfg = Debug|Win32
		{2507D2AB-8B11-478D-8ABC-8EBC9C3BD732}.Debug|x86.Build.0 = Debug|Win32
		{2507D2AB-8B11-478D-8ABC-8EBC9C3BD732}.Release|x64.ActiveCfg = Release|x64
		{2507D2AB-8B11-478D-8ABC-8EBC9C3BD732}.Release|x64.Build.0 = Release|x64
		{2507D2AB-8B11-478D-8ABC-8EBC9C3BD732}.Release|x86.ActiveCfg = Release|Win32
		{2507D2AB-8B11-478D-8ABC-8EBC9C3BD732}.Release|x86.Build.0 = Release|Win32
		{138050FE-0CD0-4570-BEAE-91222FF48009}.Debug|x64.ActiveCfg = Debug|x64
		{138050FE-0CD0-4570-BEAE-91222FF48009}.Debug|x64.Build.0 = Debug|x64
		{138050FE-0CD0-4570-BEAE-91222FF48009}.Debug|x86.ActiveCfg = Debug|Win32
		{138050FE-0CD0-4570-BEAE-91222FF48009}.Debug|x86.Build.0 = Debug|Win32
		{138050FE-0CD0-4570-BEAE-91222FF48009}.Release|x64.ActiveCfg = Release|x64
		{138050FE-0CD0-4570-BEAE-91222FF48009}.Release|x64.Build.0 = Release|x64
		{138050FE-0CD0-4570-BEAE-91222FF48009}.Release|x86.ActiveCfg = Release|Win32
		{138050FE-0CD0-4570-BEAE-91222FF48009}.Release|x86.Build.0 = Release|Win32
	EndGlobalSection
	GlobalSection(SolutionProperties) = preSolution
		HideSolutionNode = FALSE
	EndGlobalSection
	GlobalSection(ExtensibilityGlobals) = postSolution
		SolutionGuid = {BF959F43-7F0C-4F9E-93DF-1B8027937716}
	EndGlobalSection
EndGlobal
